git.eth4.dev/golibs/errors v1.2.3 h1:7p9LpIJopB6Iolaw74LSvIHdZ4VEBgeM48bXi/DH0xo=
git.eth4.dev/golibs/errors v1.2.3/go.mod h1:Ak+p+/cJ7/KBf5ONiANoIZhJJDeL/cLXXRCRyiPTYUc=
git.eth4.dev/golibs/fields v1.1.1 h1:HqN0qnKoXjsPDgGnHSb5ORdsQzNIfoOb6CQ0ebMnik0=
git.eth4.dev/golibs/fields v1.1.1/go.mod h1:YzNxsU2nRSAntwL9d43c3n8XTPln4kpdiSzKqLW9GLQ=
git.eth4.dev/golibs/filepaths v1.1.0 h1:SVvcotHHGJqt2hqq11s07C9G2GvQjtAdhQZJITX9TU0=
git.eth4.dev/golibs/filepaths v1.1.0/go.mod h1:lJjMrPdg5xSUy8tB50wz3TeBSdtN/0MEVxr1KZ71U1k=
git.eth4.dev/golibs/slog v1.1.2 h1:vEBZEYlTdLriB9ecIEYnoRwuvVDtKrEm/FpzxVWYdYE=
git.eth4.dev/golibs/slog v1.1.2/go.mod h1:zHVqVDlIDLWMa+cQIbaKyIjzg9kPWSyf0eNFYIdmrt8=
gopkg.in/check.v1 v0.0.0-20161208181325-20d25e280405 h1:yhCVgyC4o1eVCa2tZl7eS0r+SDo693bJlVdllGtEeKM=
gopkg.in/check.v1 v0.0.0-20161208181325-20d25e280405/go.mod h1:Co6ibVJAznAaIkqp8huTwlJQCZ016jof/cbN4VW5Yz0=
gopkg.in/yaml.v2 v2.4.0 h1:D8xgwECY7CYvx+Y2n4sBz93Jn9JRvxdiyyo8CTfuKaY=
gopkg.in/yaml.v2 v2.4.0/go.mod h1:RDklbk79AGWmwhnvt/jBztapEOGDOx6ZbXqjP6csGnQ=
