git.corout.in/golibs/errors v1.1.1 h1:RwCKFE7I7pnLKjAGPGZLxYFtCfdRLVUMLpPobvt2rAc=
git.corout.in/golibs/errors v1.1.1/go.mod h1:7vRCDQoAT+FgoU2AbeKjYBnxQqz5lsKgIPwpwVlpU6w=
git.corout.in/golibs/fields v1.0.2 h1:XV3WGs/8ZSPhOyoOEvOHIt/g3gZsyPigJEVMR6maNhU=
git.corout.in/golibs/fields v1.0.2/go.mod h1:SfKMdRc3L2vprkZQ7/eTK5tuKrQ+w7O2Fh6r3ZQjmP8=
git.corout.in/golibs/filepaths v1.0.2 h1:S/zNM89kLMWYtCc+4kJlNWzHWPDxDGRsAA4Z+4VjnpA=
git.corout.in/golibs/filepaths v1.0.2/go.mod h1:uBz8K7Z97vP0mWkPcRXgNHAeqtYHhyfp6lcnKPaQvig=
git.corout.in/golibs/slog v1.0.5 h1:ZkKaWkZq5q1W+ZBwbMceRywHmw4Gzn6f79hZM/1KIo4=
git.corout.in/golibs/slog v1.0.5/go.mod h1:FDDEUi1KKCPZl87okdHh2WndeUnwPYDlCy9Y4TipVoU=
github.com/mattn/go-colorable v0.1.8 h1:c1ghPdyEDarC70ftn0y+A/Ee++9zz8ljHG1b13eJ0s8=
github.com/mattn/go-isatty v0.0.14 h1:yVuAays6BHfxijgZPzw+3Zlu5yQgKGP2/hcQbHb7S9Y=
go.uber.org/atomic v1.7.0 h1:ADUqmZGgLDDfbSL9ZmPxKTybcoEYHgpYfELNoN+7hsw=
go.uber.org/multierr v1.6.0 h1:y6IPFStTAIT5Ytl7/XYmHvzXQ7S3g/IeZW9hyZ5thw4=
go.uber.org/zap v1.18.1 h1:CSUJ2mjFszzEWt4CdKISEuChVIXGBn3lAPwkRGyVrc4=
golang.org/x/sys v0.0.0-20210910150752-751e447fb3d0 h1:xrCZDmdtoloIiooiA9q0OQb9r8HejIHYoHGhGCe1pGg=
gopkg.in/check.v1 v0.0.0-20161208181325-20d25e280405 h1:yhCVgyC4o1eVCa2tZl7eS0r+SDo693bJlVdllGtEeKM=
gopkg.in/check.v1 v0.0.0-20161208181325-20d25e280405/go.mod h1:Co6ibVJAznAaIkqp8huTwlJQCZ016jof/cbN4VW5Yz0=
gopkg.in/yaml.v2 v2.4.0 h1:D8xgwECY7CYvx+Y2n4sBz93Jn9JRvxdiyyo8CTfuKaY=
gopkg.in/yaml.v2 v2.4.0/go.mod h1:RDklbk79AGWmwhnvt/jBztapEOGDOx6ZbXqjP6csGnQ=
