git.corout.in/golibs/errors v1.1.15 h1:UAN/QTv7VXL1PSBE10mIHQ/JNI+feOa/Smhjce993rg=
git.corout.in/golibs/errors v1.1.15/go.mod h1:ulQCEgY29p7Cna+EMHy5w0e4jun1zvDPvpPtg1YlkC4=
git.corout.in/golibs/fields v1.0.5 h1:1iGKvGJYKIqc9LRKcHWK6XBXIi9BqaiVYYq0LvnzN2M=
git.corout.in/golibs/fields v1.0.5/go.mod h1:gy2+5oDd8uDT19DNmtfWmLz0sbuDZyzspPez4vyhnX4=
git.corout.in/golibs/filepaths v1.0.4 h1:IQnttCEZFoPiO8g4lSVm7GrLX6cco44yCdAkbO0AOKk=
git.corout.in/golibs/filepaths v1.0.4/go.mod h1:r7QpkZN0UuK1li0OXvPnwA6lCYOF7frn+CMNb33GOYQ=
git.corout.in/golibs/slog v1.0.6 h1:TErWst4Aiw04c1EFNUmzMnpWASJxfDbH1uEXAoVWH7k=
git.corout.in/golibs/slog v1.0.6/go.mod h1:XLiu//82kRJfV3UEYm8nGqt+HxQyVAwzE17HI2ObbHU=
github.com/mattn/go-colorable v0.1.8 h1:c1ghPdyEDarC70ftn0y+A/Ee++9zz8ljHG1b13eJ0s8=
github.com/mattn/go-isatty v0.0.14 h1:yVuAays6BHfxijgZPzw+3Zlu5yQgKGP2/hcQbHb7S9Y=
go.uber.org/atomic v1.7.0 h1:ADUqmZGgLDDfbSL9ZmPxKTybcoEYHgpYfELNoN+7hsw=
go.uber.org/multierr v1.6.0 h1:y6IPFStTAIT5Ytl7/XYmHvzXQ7S3g/IeZW9hyZ5thw4=
go.uber.org/zap v1.18.1 h1:CSUJ2mjFszzEWt4CdKISEuChVIXGBn3lAPwkRGyVrc4=
golang.org/x/sys v0.0.0-20210910150752-751e447fb3d0 h1:xrCZDmdtoloIiooiA9q0OQb9r8HejIHYoHGhGCe1pGg=
gopkg.in/check.v1 v0.0.0-20161208181325-20d25e280405 h1:yhCVgyC4o1eVCa2tZl7eS0r+SDo693bJlVdllGtEeKM=
gopkg.in/check.v1 v0.0.0-20161208181325-20d25e280405/go.mod h1:Co6ibVJAznAaIkqp8huTwlJQCZ016jof/cbN4VW5Yz0=
gopkg.in/yaml.v2 v2.4.0 h1:D8xgwECY7CYvx+Y2n4sBz93Jn9JRvxdiyyo8CTfuKaY=
gopkg.in/yaml.v2 v2.4.0/go.mod h1:RDklbk79AGWmwhnvt/jBztapEOGDOx6ZbXqjP6csGnQ=
